
Microsoft Visual Studio Solution File, Format Version 12.00
# Visual Studio 15
VisualStudioVersion = 15.0.28307.1062
MinimumVisualStudioVersion = 10.0.40219.1
Project("{DA7A21FA-8162-4350-AD77-A8D1B671F3ED}") = "LSI-fit", "LSI-fit\LSI-fit.rxproj", "{7A7A9C30-85FB-4D22-808A-33404E0DD0E9}"
EndProject
Global
	GlobalSection(SolutionConfigurationPlatforms) = preSolution
		Debug|Any CPU = Debug|Any CPU
		Release|Any CPU = Release|Any CPU
	EndGlobalSection
	GlobalSection(ProjectConfigurationPlatforms) = postSolution
		{7A7A9C30-85FB-4D22-808A-33404E0DD0E9}.Debug|Any CPU.ActiveCfg = Debug|Any CPU
		{7A7A9C30-85FB-4D22-808A-33404E0DD0E9}.Debug|Any CPU.Build.0 = Debug|Any CPU
		{7A7A9C30-85FB-4D22-808A-33404E0DD0E9}.Release|Any CPU.ActiveCfg = Release|Any CPU
		{7A7A9C30-85FB-4D22-808A-33404E0DD0E9}.Release|Any CPU.Build.0 = Release|Any CPU
	EndGlobalSection
	GlobalSection(SolutionProperties) = preSolution
		HideSolutionNode = FALSE
	EndGlobalSection
	GlobalSection(ExtensibilityGlobals) = postSolution
		SolutionGuid = {526558A1-304E-438A-8D5B-92C3A25E16D3}
	EndGlobalSection
EndGlobal
